
Microsoft Visual Studio Solution File, Format Version 12.00
# Visual Studio Version 16
VisualStudioVersion = 16.0.31112.23
MinimumVisualStudioVersion = 10.0.40219.1
Project("{FAE04EC0-301F-11D3-BF4B-00C04F79EFBC}") = "Campaign 02", "Campaign 02.csproj", "{01693B44-B0D2-48D3-9D5D-5302C8DF9198}"
EndProject
Global
	GlobalSection(SolutionConfigurationPlatforms) = preSolution
		Debug|Any CPU = Debug|Any CPU
		Release|Any CPU = Release|Any CPU
	EndGlobalSection
	GlobalSection(ProjectConfigurationPlatforms) = postSolution
		{01693B44-B0D2-48D3-9D5D-5302C8DF9198}.Debug|Any CPU.ActiveCfg = Debug|Any CPU
		{01693B44-B0D2-48D3-9D5D-5302C8DF9198}.Debug|Any CPU.Build.0 = Debug|Any CPU
		{01693B44-B0D2-48D3-9D5D-5302C8DF9198}.Release|Any CPU.ActiveCfg = Release|Any CPU
		{01693B44-B0D2-48D3-9D5D-5302C8DF9198}.Release|Any CPU.Build.0 = Release|Any CPU
	EndGlobalSection
	GlobalSection(SolutionProperties) = preSolution
		HideSolutionNode = FALSE
	EndGlobalSection
	GlobalSection(ExtensibilityGlobals) = postSolution
		SolutionGuid = {B331E7C9-3E9A-49DB-9FB1-679472E5C4F8}
	EndGlobalSection
EndGlobal
